
Microsoft Visual Studio Solution File, Format Version 12.00
# Visual Studio Version 17
VisualStudioVersion = 17.8.34330.188
MinimumVisualStudioVersion = 10.0.40219.1
Project("{FAE04EC0-301F-11D3-BF4B-00C04F79EFBC}") = "AverageOfDivisibleBy3", "AverageOfDivisibleBy3.csproj", "{847E31F1-1B14-4427-BFED-390F3280D4FD}"
EndProject
Global
	GlobalSection(SolutionConfigurationPlatforms) = preSolution
		Debug|Any CPU = Debug|Any CPU
		Release|Any CPU = Release|Any CPU
	EndGlobalSection
	GlobalSection(ProjectConfigurationPlatforms) = postSolution
		{847E31F1-1B14-4427-BFED-390F3280D4FD}.Debug|Any CPU.ActiveCfg = Debug|Any CPU
		{847E31F1-1B14-4427-BFED-390F3280D4FD}.Debug|Any CPU.Build.0 = Debug|Any CPU
		{847E31F1-1B14-4427-BFED-390F3280D4FD}.Release|Any CPU.ActiveCfg = Release|Any CPU
		{847E31F1-1B14-4427-BFED-390F3280D4FD}.Release|Any CPU.Build.0 = Release|Any CPU
	EndGlobalSection
	GlobalSection(SolutionProperties) = preSolution
		HideSolutionNode = FALSE
	EndGlobalSection
	GlobalSection(ExtensibilityGlobals) = postSolution
		SolutionGuid = {39C61C51-39ED-41E7-8265-CCB3A7892748}
	EndGlobalSection
EndGlobal
