
Microsoft Visual Studio Solution File, Format Version 12.00
# Visual Studio Version 17
VisualStudioVersion = 17.8.34330.188
MinimumVisualStudioVersion = 10.0.40219.1
Project("{FAE04EC0-301F-11D3-BF4B-00C04F79EFBC}") = "SortedNegativeArray", "SortedNegativeArray.csproj", "{E45A7363-97DE-433F-9B31-E400FE82138B}"
EndProject
Global
	GlobalSection(SolutionConfigurationPlatforms) = preSolution
		Debug|Any CPU = Debug|Any CPU
		Release|Any CPU = Release|Any CPU
	EndGlobalSection
	GlobalSection(ProjectConfigurationPlatforms) = postSolution
		{E45A7363-97DE-433F-9B31-E400FE82138B}.Debug|Any CPU.ActiveCfg = Debug|Any CPU
		{E45A7363-97DE-433F-9B31-E400FE82138B}.Debug|Any CPU.Build.0 = Debug|Any CPU
		{E45A7363-97DE-433F-9B31-E400FE82138B}.Release|Any CPU.ActiveCfg = Release|Any CPU
		{E45A7363-97DE-433F-9B31-E400FE82138B}.Release|Any CPU.Build.0 = Release|Any CPU
	EndGlobalSection
	GlobalSection(SolutionProperties) = preSolution
		HideSolutionNode = FALSE
	EndGlobalSection
	GlobalSection(ExtensibilityGlobals) = postSolution
		SolutionGuid = {87DF7B2A-7A31-40F5-BF97-3028373D2BA1}
	EndGlobalSection
EndGlobal
