
Microsoft Visual Studio Solution File, Format Version 12.00
# Visual Studio Version 17
VisualStudioVersion = 17.8.34330.188
MinimumVisualStudioVersion = 10.0.40219.1
Project("{FAE04EC0-301F-11D3-BF4B-00C04F79EFBC}") = "SeparateNegativePositive-18", "SeparateNegativePositive-18.csproj", "{079D8A91-3967-43FA-AB36-960E51159FD1}"
EndProject
Global
	GlobalSection(SolutionConfigurationPlatforms) = preSolution
		Debug|Any CPU = Debug|Any CPU
		Release|Any CPU = Release|Any CPU
	EndGlobalSection
	GlobalSection(ProjectConfigurationPlatforms) = postSolution
		{079D8A91-3967-43FA-AB36-960E51159FD1}.Debug|Any CPU.ActiveCfg = Debug|Any CPU
		{079D8A91-3967-43FA-AB36-960E51159FD1}.Debug|Any CPU.Build.0 = Debug|Any CPU
		{079D8A91-3967-43FA-AB36-960E51159FD1}.Release|Any CPU.ActiveCfg = Release|Any CPU
		{079D8A91-3967-43FA-AB36-960E51159FD1}.Release|Any CPU.Build.0 = Release|Any CPU
	EndGlobalSection
	GlobalSection(SolutionProperties) = preSolution
		HideSolutionNode = FALSE
	EndGlobalSection
	GlobalSection(ExtensibilityGlobals) = postSolution
		SolutionGuid = {BF4612BB-BB16-4957-B434-24957C71F81F}
	EndGlobalSection
EndGlobal
