
Microsoft Visual Studio Solution File, Format Version 12.00
# Visual Studio Version 17
VisualStudioVersion = 17.8.34330.188
MinimumVisualStudioVersion = 10.0.40219.1
Project("{FAE04EC0-301F-11D3-BF4B-00C04F79EFBC}") = "ReplaceMinMax", "ReplaceMinMax.csproj", "{5F4A2C5A-136C-4E1F-83DE-5809E5710203}"
EndProject
Global
	GlobalSection(SolutionConfigurationPlatforms) = preSolution
		Debug|Any CPU = Debug|Any CPU
		Release|Any CPU = Release|Any CPU
	EndGlobalSection
	GlobalSection(ProjectConfigurationPlatforms) = postSolution
		{5F4A2C5A-136C-4E1F-83DE-5809E5710203}.Debug|Any CPU.ActiveCfg = Debug|Any CPU
		{5F4A2C5A-136C-4E1F-83DE-5809E5710203}.Debug|Any CPU.Build.0 = Debug|Any CPU
		{5F4A2C5A-136C-4E1F-83DE-5809E5710203}.Release|Any CPU.ActiveCfg = Release|Any CPU
		{5F4A2C5A-136C-4E1F-83DE-5809E5710203}.Release|Any CPU.Build.0 = Release|Any CPU
	EndGlobalSection
	GlobalSection(SolutionProperties) = preSolution
		HideSolutionNode = FALSE
	EndGlobalSection
	GlobalSection(ExtensibilityGlobals) = postSolution
		SolutionGuid = {E52A21BC-E872-4B4E-A020-F9ADD3A2BE5A}
	EndGlobalSection
EndGlobal
