
Microsoft Visual Studio Solution File, Format Version 12.00
# Visual Studio Version 17
VisualStudioVersion = 17.8.34330.188
MinimumVisualStudioVersion = 10.0.40219.1
Project("{FAE04EC0-301F-11D3-BF4B-00C04F79EFBC}") = "ZeroesToEnd", "ZeroesToEnd.csproj", "{8AE32D54-E71B-4CDA-A721-751E0AF369C9}"
EndProject
Global
	GlobalSection(SolutionConfigurationPlatforms) = preSolution
		Debug|Any CPU = Debug|Any CPU
		Release|Any CPU = Release|Any CPU
	EndGlobalSection
	GlobalSection(ProjectConfigurationPlatforms) = postSolution
		{8AE32D54-E71B-4CDA-A721-751E0AF369C9}.Debug|Any CPU.ActiveCfg = Debug|Any CPU
		{8AE32D54-E71B-4CDA-A721-751E0AF369C9}.Debug|Any CPU.Build.0 = Debug|Any CPU
		{8AE32D54-E71B-4CDA-A721-751E0AF369C9}.Release|Any CPU.ActiveCfg = Release|Any CPU
		{8AE32D54-E71B-4CDA-A721-751E0AF369C9}.Release|Any CPU.Build.0 = Release|Any CPU
	EndGlobalSection
	GlobalSection(SolutionProperties) = preSolution
		HideSolutionNode = FALSE
	EndGlobalSection
	GlobalSection(ExtensibilityGlobals) = postSolution
		SolutionGuid = {1345014F-B24B-4EE8-AD25-09A8EA72937D}
	EndGlobalSection
EndGlobal
