
Microsoft Visual Studio Solution File, Format Version 12.00
# Visual Studio Version 17
VisualStudioVersion = 17.8.34330.188
MinimumVisualStudioVersion = 10.0.40219.1
Project("{FAE04EC0-301F-11D3-BF4B-00C04F79EFBC}") = "NegativeLowerDiagonalSum", "NegativeLowerDiagonalSum.csproj", "{51C8ED8B-AD6C-4533-99BE-F97544B5A4C8}"
EndProject
Global
	GlobalSection(SolutionConfigurationPlatforms) = preSolution
		Debug|Any CPU = Debug|Any CPU
		Release|Any CPU = Release|Any CPU
	EndGlobalSection
	GlobalSection(ProjectConfigurationPlatforms) = postSolution
		{51C8ED8B-AD6C-4533-99BE-F97544B5A4C8}.Debug|Any CPU.ActiveCfg = Debug|Any CPU
		{51C8ED8B-AD6C-4533-99BE-F97544B5A4C8}.Debug|Any CPU.Build.0 = Debug|Any CPU
		{51C8ED8B-AD6C-4533-99BE-F97544B5A4C8}.Release|Any CPU.ActiveCfg = Release|Any CPU
		{51C8ED8B-AD6C-4533-99BE-F97544B5A4C8}.Release|Any CPU.Build.0 = Release|Any CPU
	EndGlobalSection
	GlobalSection(SolutionProperties) = preSolution
		HideSolutionNode = FALSE
	EndGlobalSection
	GlobalSection(ExtensibilityGlobals) = postSolution
		SolutionGuid = {29BA27A1-C8FE-4C7E-AFDA-3030D8DD4A0A}
	EndGlobalSection
EndGlobal
